
Microsoft Visual Studio Solution File, Format Version 12.00
# Visual Studio Version 17
VisualStudioVersion = 17.7.34221.43
MinimumVisualStudioVersion = 10.0.40219.1
Project("{FAE04EC0-301F-11D3-BF4B-00C04F79EFBC}") = "ServiceCollectionValidation", "ServiceCollectionValidation\ServiceCollectionValidation.csproj", "{9445DDBE-4547-441A-9E59-399613D28421}"
EndProject
Project("{FAE04EC0-301F-11D3-BF4B-00C04F79EFBC}") = "Tests", "Tests\Tests.csproj", "{EFDD0566-094B-44FC-AD00-7AC7FCAE4E7F}"
EndProject
Project("{2150E333-8FDC-42A3-9474-1A3956D46DE8}") = "Solution Items", "Solution Items", "{8EC462FD-D22E-90A8-E5CE-7E832BA40C5D}"
	ProjectSection(SolutionItems) = preProject
		LICENSE = LICENSE
		README.md = README.md
	EndProjectSection
EndProject
Project("{FAE04EC0-301F-11D3-BF4B-00C04F79EFBC}") = "AspNetCore", "AspNetCore\AspNetCore.csproj", "{B61F7C47-A7AC-B272-5129-16428C9D9473}"
EndProject
Global
	GlobalSection(SolutionConfigurationPlatforms) = preSolution
		Debug|Any CPU = Debug|Any CPU
		Release|Any CPU = Release|Any CPU
	EndGlobalSection
	GlobalSection(ProjectConfigurationPlatforms) = postSolution
		{9445DDBE-4547-441A-9E59-399613D28421}.Debug|Any CPU.ActiveCfg = Debug|Any CPU
		{9445DDBE-4547-441A-9E59-399613D28421}.Debug|Any CPU.Build.0 = Debug|Any CPU
		{9445DDBE-4547-441A-9E59-399613D28421}.Release|Any CPU.ActiveCfg = Release|Any CPU
		{9445DDBE-4547-441A-9E59-399613D28421}.Release|Any CPU.Build.0 = Release|Any CPU
		{EFDD0566-094B-44FC-AD00-7AC7FCAE4E7F}.Debug|Any CPU.ActiveCfg = Debug|Any CPU
		{EFDD0566-094B-44FC-AD00-7AC7FCAE4E7F}.Debug|Any CPU.Build.0 = Debug|Any CPU
		{EFDD0566-094B-44FC-AD00-7AC7FCAE4E7F}.Release|Any CPU.ActiveCfg = Release|Any CPU
		{EFDD0566-094B-44FC-AD00-7AC7FCAE4E7F}.Release|Any CPU.Build.0 = Release|Any CPU
		{B61F7C47-A7AC-B272-5129-16428C9D9473}.Debug|Any CPU.ActiveCfg = Debug|Any CPU
		{B61F7C47-A7AC-B272-5129-16428C9D9473}.Debug|Any CPU.Build.0 = Debug|Any CPU
		{B61F7C47-A7AC-B272-5129-16428C9D9473}.Release|Any CPU.ActiveCfg = Release|Any CPU
		{B61F7C47-A7AC-B272-5129-16428C9D9473}.Release|Any CPU.Build.0 = Release|Any CPU
	EndGlobalSection
	GlobalSection(SolutionProperties) = preSolution
		HideSolutionNode = FALSE
	EndGlobalSection
	GlobalSection(ExtensibilityGlobals) = postSolution
		SolutionGuid = {CEF766EE-BA07-40A1-8717-76CBB1B1A883}
	EndGlobalSection
EndGlobal
